
Microsoft Visual Studio Solution File, Format Version 12.00
# Visual Studio Version 17
VisualStudioVersion = 17.12.35707.178 d17.12
MinimumVisualStudioVersion = 10.0.40219.1
Project("{FAE04EC0-301F-11D3-BF4B-00C04F79EFBC}") = "BizUnitPropClean", "BizUnitPropClean\BizUnitPropClean.csproj", "{52C29EC6-ED3E-4241-92E9-582F4CD4630E}"
EndProject
Global
	GlobalSection(SolutionConfigurationPlatforms) = preSolution
		Debug|Any CPU = Debug|Any CPU
		Release|Any CPU = Release|Any CPU
	EndGlobalSection
	GlobalSection(ProjectConfigurationPlatforms) = postSolution
		{52C29EC6-ED3E-4241-92E9-582F4CD4630E}.Debug|Any CPU.ActiveCfg = Debug|Any CPU
		{52C29EC6-ED3E-4241-92E9-582F4CD4630E}.Debug|Any CPU.Build.0 = Debug|Any CPU
		{52C29EC6-ED3E-4241-92E9-582F4CD4630E}.Release|Any CPU.ActiveCfg = Release|Any CPU
		{52C29EC6-ED3E-4241-92E9-582F4CD4630E}.Release|Any CPU.Build.0 = Release|Any CPU
	EndGlobalSection
	GlobalSection(SolutionProperties) = preSolution
		HideSolutionNode = FALSE
	EndGlobalSection
EndGlobal
